PODS:
  - Flutter (1.0.0)
  - integration_test (0.0.1):
    - Flutter
  - local_notification_with_apple (0.0.1):
    - Flutter

DEPENDENCIES:
  - Flutter (from `Flutter`)
  - integration_test (from `.symlinks/plugins/integration_test/ios`)
  - local_notification_with_apple (from `.symlinks/plugins/local_notification_with_apple/ios`)

EXTERNAL SOURCES:
  Flutter:
    :path: Flutter
  integration_test:
    :path: ".symlinks/plugins/integration_test/ios"
  local_notification_with_apple:
    :path: ".symlinks/plugins/local_notification_with_apple/ios"

SPEC CHECKSUMS:
  Flutter: f04841e97a9d0b0a8025694d0796dd46242b2854
  integration_test: 13825b8a9334a850581300559b8839134b124670
  local_notification_with_apple: eba0b1fe69631565f85402f7dd67e21366578357

PODFILE CHECKSUM: 70d9d25280d0dd177a5f637cdb0f0b0b12c6a189

COCOAPODS: 1.12.1
